// !$*UTF8*$!
{
	archiveVersion = 1;
	classes = {
	};
	objectVersion = 46;
	objects = {

/* Begin PBXBuildFile section */
		9337636B1B669E9000EB9C35 /* ReportViewController.m in Sources */ = {isa = PBXBuildFile; fileRef = 9337636A1B669E9000EB9C35 /* ReportViewController.m */; };
		9337636E1B66AAEE00EB9C35 /* acsNavigationController.m in Sources */ = {isa = PBXBuildFile; fileRef = 9337636D1B66AAEE00EB9C35 /* acsNavigationController.m */; };
		933BD1F31B62DDD6001CFAB6 /* ReportFormViewController.m in Sources */ = {isa = PBXBuildFile; fileRef = 933BD1F21B62DDD6001CFAB6 /* ReportFormViewController.m */; };
		93826AD41B5FF3C600904119 /* main.m in Sources */ = {isa = PBXBuildFile; fileRef = 93826AD31B5FF3C600904119 /* main.m */; };
		93826AD71B5FF3C600904119 /* AppDelegate.m in Sources */ = {isa = PBXBuildFile; fileRef = 93826AD61B5FF3C600904119 /* AppDelegate.m */; };
		93826ADD1B5FF3C600904119 /* Main.storyboard in Resources */ = {isa = PBXBuildFile; fileRef = 93826ADB1B5FF3C600904119 /* Main.storyboard */; };
		93826ADF1B5FF3C600904119 /* Images.xcassets in Resources */ = {isa = PBXBuildFile; fileRef = 93826ADE1B5FF3C600904119 /* Images.xcassets */; };
		93826AE21B5FF3C600904119 /* LaunchScreen.xib in Resources */ = {isa = PBXBuildFile; fileRef = 93826AE01B5FF3C600904119 /* LaunchScreen.xib */; };
		93826AEE1B5FF3C600904119 /* Albemarle_County_Services_iOSTests.m in Sources */ = {isa = PBXBuildFile; fileRef = 93826AED1B5FF3C600904119 /* Albemarle_County_Services_iOSTests.m */; };
		93D2A5A31B61407000F8E8E2 /* MainViewController.m in Sources */ = {isa = PBXBuildFile; fileRef = 93D2A5A21B61407000F8E8E2 /* MainViewController.m */; };
/* End PBXBuildFile section */

/* Begin PBXContainerItemProxy section */
		93826AE81B5FF3C600904119 /* PBXContainerItemProxy */ = {
			isa = PBXContainerItemProxy;
			containerPortal = 93826AC61B5FF3C600904119 /* Project object */;
			proxyType = 1;
			remoteGlobalIDString = 93826ACD1B5FF3C600904119;
			remoteInfo = "Albemarle County Services iOS";
		};
/* End PBXContainerItemProxy section */

/* Begin PBXFileReference section */
		933763691B669E9000EB9C35 /* ReportViewController.h */ = {isa = PBXFileReference; fileEncoding = 4; lastKnownFileType = sourcecode.c.h; path = ReportViewController.h; sourceTree = "<group>"; };
		9337636A1B669E9000EB9C35 /* ReportViewController.m */ = {isa = PBXFileReference; fileEncoding = 4; lastKnownFileType = sourcecode.c.objc; path = ReportViewController.m; sourceTree = "<group>"; };
		9337636C1B66AAEE00EB9C35 /* acsNavigationController.h */ = {isa = PBXFileReference; fileEncoding = 4; lastKnownFileType = sourcecode.c.h; path = acsNavigationController.h; sourceTree = "<group>"; };
		9337636D1B66AAEE00EB9C35 /* acsNavigationController.m */ = {isa = PBXFileReference; fileEncoding = 4; lastKnownFileType = sourcecode.c.objc; path = acsNavigationController.m; sourceTree = "<group>"; };
		933BD1F11B62DDD6001CFAB6 /* ReportFormViewController.h */ = {isa = PBXFileReference; fileEncoding = 4; lastKnownFileType = sourcecode.c.h; path = ReportFormViewController.h; sourceTree = "<group>"; };
		933BD1F21B62DDD6001CFAB6 /* ReportFormViewController.m */ = {isa = PBXFileReference; fileEncoding = 4; lastKnownFileType = sourcecode.c.objc; path = ReportFormViewController.m; sourceTree = "<group>"; };
		93826ACE1B5FF3C600904119 /* Albemarle County Services iOS.app */ = {isa = PBXFileReference; explicitFileType = wrapper.application; includeInIndex = 0; path = "Albemarle County Services iOS.app"; sourceTree = BUILT_PRODUCTS_DIR; };
		93826AD21B5FF3C600904119 /* Info.plist */ = {isa = PBXFileReference; lastKnownFileType = text.plist.xml; path = Info.plist; sourceTree = "<group>"; };
		93826AD31B5FF3C600904119 /* main.m */ = {isa = PBXFileReference; lastKnownFileType = sourcecode.c.objc; path = main.m; sourceTree = "<group>"; };
		93826AD51B5FF3C600904119 /* AppDelegate.h */ = {isa = PBXFileReference; lastKnownFileType = sourcecode.c.h; path = AppDelegate.h; sourceTree = "<group>"; };
		93826AD61B5FF3C600904119 /* AppDelegate.m */ = {isa = PBXFileReference; lastKnownFileType = sourcecode.c.objc; path = AppDelegate.m; sourceTree = "<group>"; };
		93826ADC1B5FF3C600904119 /* Base */ = {isa = PBXFileReference; lastKnownFileType = file.storyboard; name = Base; path = Base.lproj/Main.storyboard; sourceTree = "<group>"; };
		93826ADE1B5FF3C600904119 /* Images.xcassets */ = {isa = PBXFileReference; lastKnownFileType = folder.assetcatalog; path = Images.xcassets; sourceTree = "<group>"; };
		93826AE11B5FF3C600904119 /* Base */ = {isa = PBXFileReference; lastKnownFileType = file.xib; name = Base; path = Base.lproj/LaunchScreen.xib; sourceTree = "<group>"; };
		93826AE71B5FF3C600904119 /* Albemarle County Services iOSTests.xctest */ = {isa = PBXFileReference; explicitFileType = wrapper.cfbundle; includeInIndex = 0; path = "Albemarle County Services iOSTests.xctest"; sourceTree = BUILT_PRODUCTS_DIR; };
		93826AEC1B5FF3C600904119 /* Info.plist */ = {isa = PBXFileReference; lastKnownFileType = text.plist.xml; path = Info.plist; sourceTree = "<group>"; };
		93826AED1B5FF3C600904119 /* Albemarle_County_Services_iOSTests.m */ = {isa = PBXFileReference; lastKnownFileType = sourcecode.c.objc; path = Albemarle_County_Services_iOSTests.m; sourceTree = "<group>"; };
		93D2A5A11B61407000F8E8E2 /* MainViewController.h */ = {isa = PBXFileReference; fileEncoding = 4; lastKnownFileType = sourcecode.c.h; path = MainViewController.h; sourceTree = "<group>"; };
		93D2A5A21B61407000F8E8E2 /* MainViewController.m */ = {isa = PBXFileReference; fileEncoding = 4; lastKnownFileType = sourcecode.c.objc; path = MainViewController.m; sourceTree = "<group>"; };
/* End PBXFileReference section */

/* Begin PBXFrameworksBuildPhase section */
		93826ACB1B5FF3C600904119 /* Frameworks */ = {
			isa = PBXFrameworksBuildPhase;
			buildActionMask = 2147483647;
			files = (
			);
			runOnlyForDeploymentPostprocessing = 0;
		};
		93826AE41B5FF3C600904119 /* Frameworks */ = {
			isa = PBXFrameworksBuildPhase;
			buildActionMask = 2147483647;
			files = (
			);
			runOnlyForDeploymentPostprocessing = 0;
		};
/* End PBXFrameworksBuildPhase section */

/* Begin PBXGroup section */
		93826AC51B5FF3C600904119 = {
			isa = PBXGroup;
			children = (
				93826AD01B5FF3C600904119 /* Albemarle County Services iOS */,
				93826AEA1B5FF3C600904119 /* Albemarle County Services iOSTests */,
				93826ACF1B5FF3C600904119 /* Products */,
			);
			sourceTree = "<group>";
		};
		93826ACF1B5FF3C600904119 /* Products */ = {
			isa = PBXGroup;
			children = (
				93826ACE1B5FF3C600904119 /* Albemarle County Services iOS.app */,
				93826AE71B5FF3C600904119 /* Albemarle County Services iOSTests.xctest */,
			);
			name = Products;
			sourceTree = "<group>";
		};
		93826AD01B5FF3C600904119 /* Albemarle County Services iOS */ = {
			isa = PBXGroup;
			children = (
				93826AD51B5FF3C600904119 /* AppDelegate.h */,
				93826AD61B5FF3C600904119 /* AppDelegate.m */,
				93826ADB1B5FF3C600904119 /* Main.storyboard */,
				93826ADE1B5FF3C600904119 /* Images.xcassets */,
				93826AE01B5FF3C600904119 /* LaunchScreen.xib */,
				93826AD11B5FF3C600904119 /* Supporting Files */,
				93D2A5A11B61407000F8E8E2 /* MainViewController.h */,
				93D2A5A21B61407000F8E8E2 /* MainViewController.m */,
				933BD1F11B62DDD6001CFAB6 /* ReportFormViewController.h */,
				933BD1F21B62DDD6001CFAB6 /* ReportFormViewController.m */,
				933763691B669E9000EB9C35 /* ReportViewController.h */,
				9337636A1B669E9000EB9C35 /* ReportViewController.m */,
				9337636C1B66AAEE00EB9C35 /* acsNavigationController.h */,
				9337636D1B66AAEE00EB9C35 /* acsNavigationController.m */,
			);
			path = "Albemarle County Services iOS";
			sourceTree = "<group>";
		};
		93826AD11B5FF3C600904119 /* Supporting Files */ = {
			isa = PBXGroup;
			children = (
				93826AD21B5FF3C600904119 /* Info.plist */,
				93826AD31B5FF3C600904119 /* main.m */,
			);
			name = "Supporting Files";
			sourceTree = "<group>";
		};
		93826AEA1B5FF3C600904119 /* Albemarle County Services iOSTests */ = {
			isa = PBXGroup;
			children = (
				93826AED1B5FF3C600904119 /* Albemarle_County_Services_iOSTests.m */,
				93826AEB1B5FF3C600904119 /* Supporting Files */,
			);
			path = "Albemarle County Services iOSTests";
			sourceTree = "<group>";
		};
		93826AEB1B5FF3C600904119 /* Supporting Files */ = {
			isa = PBXGroup;
			children = (
				93826AEC1B5FF3C600904119 /* Info.plist */,
			);
			name = "Supporting Files";
			sourceTree = "<group>";
		};
/* End PBXGroup section */

/* Begin PBXNativeTarget section */
		93826ACD1B5FF3C600904119 /* Albemarle County Services iOS */ = {
			isa = PBXNativeTarget;
			buildConfigurationList = 93826AF11B5FF3C600904119 /* Build configuration list for PBXNativeTarget "Albemarle County Services iOS" */;
			buildPhases = (
				93826ACA1B5FF3C600904119 /* Sources */,
				93826ACB1B5FF3C600904119 /* Frameworks */,
				93826ACC1B5FF3C600904119 /* Resources */,
			);
			buildRules = (
			);
			dependencies = (
			);
			name = "Albemarle County Services iOS";
			productName = "Albemarle County Services iOS";
			productReference = 93826ACE1B5FF3C600904119 /* Albemarle County Services iOS.app */;
			productType = "com.apple.product-type.application";
		};
		93826AE61B5FF3C600904119 /* Albemarle County Services iOSTests */ = {
			isa = PBXNativeTarget;
			buildConfigurationList = 93826AF41B5FF3C600904119 /* Build configuration list for PBXNativeTarget "Albemarle County Services iOSTests" */;
			buildPhases = (
				93826AE31B5FF3C600904119 /* Sources */,
				93826AE41B5FF3C600904119 /* Frameworks */,
				93826AE51B5FF3C600904119 /* Resources */,
			);
			buildRules = (
			);
			dependencies = (
				93826AE91B5FF3C600904119 /* PBXTargetDependency */,
			);
			name = "Albemarle County Services iOSTests";
			productName = "Albemarle County Services iOSTests";
			productReference = 93826AE71B5FF3C600904119 /* Albemarle County Services iOSTests.xctest */;
			productType = "com.apple.product-type.bundle.unit-test";
		};
/* End PBXNativeTarget section */

/* Begin PBXProject section */
		93826AC61B5FF3C600904119 /* Project object */ = {
			isa = PBXProject;
			attributes = {
				LastUpgradeCheck = 0640;
				ORGANIZATIONNAME = "Albemarle County IT Department Interns";
				TargetAttributes = {
					93826ACD1B5FF3C600904119 = {
						CreatedOnToolsVersion = 6.4;
					};
					93826AE61B5FF3C600904119 = {
						CreatedOnToolsVersion = 6.4;
						TestTargetID = 93826ACD1B5FF3C600904119;
					};
				};
			};
			buildConfigurationList = 93826AC91B5FF3C600904119 /* Build configuration list for PBXProject "Albemarle County Services iOS" */;
			compatibilityVersion = "Xcode 3.2";
			developmentRegion = English;
			hasScannedForEncodings = 0;
			knownRegions = (
				en,
				Base,
			);
			mainGroup = 93826AC51B5FF3C600904119;
			productRefGroup = 93826ACF1B5FF3C600904119 /* Products */;
			projectDirPath = "";
			projectRoot = "";
			targets = (
				93826ACD1B5FF3C600904119 /* Albemarle County Services iOS */,
				93826AE61B5FF3C600904119 /* Albemarle County Services iOSTests */,
			);
		};
/* End PBXProject section */

/* Begin PBXResourcesBuildPhase section */
		93826ACC1B5FF3C600904119 /* Resources */ = {
			isa = PBXResourcesBuildPhase;
			buildActionMask = 2147483647;
			files = (
				93826ADD1B5FF3C600904119 /* Main.storyboard in Resources */,
				93826AE21B5FF3C600904119 /* LaunchScreen.xib in Resources */,
				93826ADF1B5FF3C600904119 /* Images.xcassets in Resources */,
			);
			runOnlyForDeploymentPostprocessing = 0;
		};
		93826AE51B5FF3C600904119 /* Resources */ = {
			isa = PBXResourcesBuildPhase;
			buildActionMask = 2147483647;
			files = (
			);
			runOnlyForDeploymentPostprocessing = 0;
		};
/* End PBXResourcesBuildPhase section */

/* Begin PBXSourcesBuildPhase section */
		93826ACA1B5FF3C600904119 /* Sources */ = {
			isa = PBXSourcesBuildPhase;
			buildActionMask = 2147483647;
			files = (
				9337636B1B669E9000EB9C35 /* ReportViewController.m in Sources */,
				933BD1F31B62DDD6001CFAB6 /* ReportFormViewController.m in Sources */,
				93826AD71B5FF3C600904119 /* AppDelegate.m in Sources */,
				9337636E1B66AAEE00EB9C35 /* acsNavigationController.m in Sources */,
				93D2A5A31B61407000F8E8E2 /* MainViewController.m in Sources */,
				93826AD41B5FF3C600904119 /* main.m in Sources */,
			);
			runOnlyForDeploymentPostprocessing = 0;
		};
		93826AE31B5FF3C600904119 /* Sources */ = {
			isa = PBXSourcesBuildPhase;
			buildActionMask = 2147483647;
			files = (
				93826AEE1B5FF3C600904119 /* Albemarle_County_Services_iOSTests.m in Sources */,
			);
			runOnlyForDeploymentPostprocessing = 0;
		};
/* End PBXSourcesBuildPhase section */

/* Begin PBXTargetDependency section */
		93826AE91B5FF3C600904119 /* PBXTargetDependency */ = {
			isa = PBXTargetDependency;
			target = 93826ACD1B5FF3C600904119 /* Albemarle County Services iOS */;
			targetProxy = 93826AE81B5FF3C600904119 /* PBXContainerItemProxy */;
		};
/* End PBXTargetDependency section */

/* Begin PBXVariantGroup section */
		93826ADB1B5FF3C600904119 /* Main.storyboard */ = {
			isa = PBXVariantGroup;
			children = (
				93826ADC1B5FF3C600904119 /* Base */,
			);
			name = Main.storyboard;
			sourceTree = "<group>";
		};
		93826AE01B5FF3C600904119 /* LaunchScreen.xib */ = {
			isa = PBXVariantGroup;
			children = (
				93826AE11B5FF3C600904119 /* Base */,
			);
			name = LaunchScreen.xib;
			sourceTree = "<group>";
		};
/* End PBXVariantGroup section */

/* Begin XCBuildConfiguration section */
		93826AEF1B5FF3C600904119 /* Debug */ = {
			isa = XCBuildConfiguration;
			buildSettings = {
				ALWAYS_SEARCH_USER_PATHS = NO;
				CLANG_CXX_LANGUAGE_STANDARD = "gnu++0x";
				CLANG_CXX_LIBRARY = "libc++";
				CLANG_ENABLE_MODULES = YES;
				CLANG_ENABLE_OBJC_ARC = YES;
				CLANG_WARN_BOOL_CONVERSION = YES;
				CLANG_WARN_CONSTANT_CONVERSION = YES;
				CLANG_WARN_DIRECT_OBJC_ISA_USAGE = YES_ERROR;
				CLANG_WARN_EMPTY_BODY = YES;
				CLANG_WARN_ENUM_CONVERSION = YES;
				CLANG_WARN_INT_CONVERSION = YES;
				CLANG_WARN_OBJC_ROOT_CLASS = YES_ERROR;
				CLANG_WARN_UNREACHABLE_CODE = YES;
				CLANG_WARN__DUPLICATE_METHOD_MATCH = YES;
				"CODE_SIGN_IDENTITY[sdk=iphoneos*]" = "iPhone Developer";
				COPY_PHASE_STRIP = NO;
				DEBUG_INFORMATION_FORMAT = "dwarf-with-dsym";
				ENABLE_STRICT_OBJC_MSGSEND = YES;
				GCC_C_LANGUAGE_STANDARD = gnu99;
				GCC_DYNAMIC_NO_PIC = NO;
				GCC_NO_COMMON_BLOCKS = YES;
				GCC_OPTIMIZATION_LEVEL = 0;
				GCC_PREPROCESSOR_DEFINITIONS = (
					"DEBUG=1",
					"$(inherited)",
				);
				GCC_SYMBOLS_PRIVATE_EXTERN = NO;
				GCC_WARN_64_TO_32_BIT_CONVERSION = YES;
				GCC_WARN_ABOUT_RETURN_TYPE = YES_ERROR;
				GCC_WARN_UNDECLARED_SELECTOR = YES;
				GCC_WARN_UNINITIALIZED_AUTOS = YES_AGGRESSIVE;
				GCC_WARN_UNUSED_FUNCTION = YES;
				GCC_WARN_UNUSED_VARIABLE = YES;
				IPHONEOS_DEPLOYMENT_TARGET = 8.4;
				MTL_ENABLE_DEBUG_INFO = YES;
				ONLY_ACTIVE_ARCH = YES;
				SDKROOT = iphoneos;
				TARGETED_DEVICE_FAMILY = "1,2";
			};
			name = Debug;
		};
		93826AF01B5FF3C600904119 /* Release */ = {
			isa = XCBuildConfiguration;
			buildSettings = {
				ALWAYS_SEARCH_USER_PATHS = NO;
				CLANG_CXX_LANGUAGE_STANDARD = "gnu++0x";
				CLANG_CXX_LIBRARY = "libc++";
				CLANG_ENABLE_MODULES = YES;
				CLANG_ENABLE_OBJC_ARC = YES;
				CLANG_WARN_BOOL_CONVERSION = YES;
				CLANG_WARN_CONSTANT_CONVERSION = YES;
				CLANG_WARN_DIRECT_OBJC_ISA_USAGE = YES_ERROR;
				CLANG_WARN_EMPTY_BODY = YES;
				CLANG_WARN_ENUM_CONVERSION = YES;
				CLANG_WARN_INT_CONVERSION = YES;
				CLANG_WARN_OBJC_ROOT_CLASS = YES_ERROR;
				CLANG_WARN_UNREACHABLE_CODE = YES;
				CLANG_WARN__DUPLICATE_METHOD_MATCH = YES;
				"CODE_SIGN_IDENTITY[sdk=iphoneos*]" = "iPhone Developer";
				COPY_PHASE_STRIP = NO;
				DEBUG_INFORMATION_FORMAT = "dwarf-with-dsym";
				ENABLE_NS_ASSERTIONS = NO;
				ENABLE_STRICT_OBJC_MSGSEND = YES;
				GCC_C_LANGUAGE_STANDARD = gnu99;
				GCC_NO_COMMON_BLOCKS = YES;
				GCC_WARN_64_TO_32_BIT_CONVERSION = YES;
				GCC_WARN_ABOUT_RETURN_TYPE = YES_ERROR;
				GCC_WARN_UNDECLARED_SELECTOR = YES;
				GCC_WARN_UNINITIALIZED_AUTOS = YES_AGGRESSIVE;
				GCC_WARN_UNUSED_FUNCTION = YES;
				GCC_WARN_UNUSED_VARIABLE = YES;
				IPHONEOS_DEPLOYMENT_TARGET = 8.4;
				MTL_ENABLE_DEBUG_INFO = NO;
				SDKROOT = iphoneos;
				TARGETED_DEVICE_FAMILY = "1,2";
				VALIDATE_PRODUCT = YES;
			};
			name = Release;
		};
		93826AF21B5FF3C600904119 /* Debug */ = {
			isa = XCBuildConfiguration;
			buildSettings = {
				ASSETCATALOG_COMPILER_APPICON_NAME = AppIcon;
				INFOPLIST_FILE = "Albemarle County Services iOS/Info.plist";
				LD_RUNPATH_SEARCH_PATHS = "$(inherited) @executable_path/Frameworks";
				PRODUCT_NAME = "$(TARGET_NAME)";
			};
			name = Debug;
		};
		93826AF31B5FF3C600904119 /* Release */ = {
			isa = XCBuildConfiguration;
			buildSettings = {
				ASSETCATALOG_COMPILER_APPICON_NAME = AppIcon;
				INFOPLIST_FILE = "Albemarle County Services iOS/Info.plist";
				LD_RUNPATH_SEARCH_PATHS = "$(inherited) @executable_path/Frameworks";
				PRODUCT_NAME = "$(TARGET_NAME)";
			};
			name = Release;
		};
		93826AF51B5FF3C600904119 /* Debug */ = {
			isa = XCBuildConfiguration;
			buildSettings = {
				BUNDLE_LOADER = "$(TEST_HOST)";
				FRAMEWORK_SEARCH_PATHS = (
					"$(SDKROOT)/Developer/Library/Frameworks",
					"$(inherited)",
				);
				GCC_PREPROCESSOR_DEFINITIONS = (
					"DEBUG=1",
					"$(inherited)",
				);
				INFOPLIST_FILE = "Albemarle County Services iOSTests/Info.plist";
				LD_RUNPATH_SEARCH_PATHS = "$(inherited) @executable_path/Frameworks @loader_path/Frameworks";
				PRODUCT_NAME = "$(TARGET_NAME)";
				TEST_HOST = "$(BUILT_PRODUCTS_DIR)/Albemarle County Services iOS.app/Albemarle County Services iOS";
			};
			name = Debug;
		};
		93826AF61B5FF3C600904119 /* Release */ = {
			isa = XCBuildConfiguration;
			buildSettings = {
				BUNDLE_LOADER = "$(TEST_HOST)";
				FRAMEWORK_SEARCH_PATHS = (
					"$(SDKROOT)/Developer/Library/Frameworks",
					"$(inherited)",
				);
				INFOPLIST_FILE = "Albemarle County Services iOSTests/Info.plist";
				LD_RUNPATH_SEARCH_PATHS = "$(inherited) @executable_path/Frameworks @loader_path/Frameworks";
				PRODUCT_NAME = "$(TARGET_NAME)";
				TEST_HOST = "$(BUILT_PRODUCTS_DIR)/Albemarle County Services iOS.app/Albemarle County Services iOS";
			};
			name = Release;
		};
/* End XCBuildConfiguration section */

/* Begin XCConfigurationList section */
		93826AC91B5FF3C600904119 /* Build configuration list for PBXProject "Albemarle County Services iOS" */ = {
			isa = XCConfigurationList;
			buildConfigurations = (
				93826AEF1B5FF3C600904119 /* Debug */,
				93826AF01B5FF3C600904119 /* Release */,
			);
			defaultConfigurationIsVisible = 0;
			defaultConfigurationName = Release;
		};
		93826AF11B5FF3C600904119 /* Build configuration list for PBXNativeTarget "Albemarle County Services iOS" */ = {
			isa = XCConfigurationList;
			buildConfigurations = (
				93826AF21B5FF3C600904119 /* Debug */,
				93826AF31B5FF3C600904119 /* Release */,
			);
			defaultConfigurationIsVisible = 0;
			defaultConfigurationName = Release;
		};
		93826AF41B5FF3C600904119 /* Build configuration list for PBXNativeTarget "Albemarle County Services iOSTests" */ = {
			isa = XCConfigurationList;
			buildConfigurations = (
				93826AF51B5FF3C600904119 /* Debug */,
				93826AF61B5FF3C600904119 /* Release */,
			);
			defaultConfigurationIsVisible = 0;
			defaultConfigurationName = Release;
		};
/* End XCConfigurationList section */
	};
	rootObject = 93826AC61B5FF3C600904119 /* Project object */;
}
